// !$*UTF8*$!
{
	archiveVersion = 1;
	classes = {
	};
	objectVersion = 50;
	objects = {

/* Begin PBXBuildFile section */
		171C98372200B7EB00C641C1 /* URLSession-Decoder.swift in Sources */ = {isa = PBXBuildFile; fileRef = 171C98362200B7EB00C641C1 /* URLSession-Decoder.swift */; };
		171C98392200E00200C641C1 /* CardView.swift in Sources */ = {isa = PBXBuildFile; fileRef = 171C98382200E00200C641C1 /* CardView.swift */; };
		171C983B2200E01500C641C1 /* CardViewController.swift in Sources */ = {isa = PBXBuildFile; fileRef = 171C983A2200E01500C641C1 /* CardViewController.swift */; };
		171C983E2201673400C641C1 /* PhotoInfoViewController.swift in Sources */ = {isa = PBXBuildFile; fileRef = 171C983D2201673400C641C1 /* PhotoInfoViewController.swift */; };
		171C98402201674400C641C1 /* PhotoInfoView.swift in Sources */ = {isa = PBXBuildFile; fileRef = 171C983F2201674400C641C1 /* PhotoInfoView.swift */; };
		171C984322019EAE00C641C1 /* AccessKey.swift in Sources */ = {isa = PBXBuildFile; fileRef = 171C984222019EAE00C641C1 /* AccessKey.swift */; };
		1729B6D822000AD400F3FBFB /* PhotoView.swift in Sources */ = {isa = PBXBuildFile; fileRef = 1729B6D722000AD400F3FBFB /* PhotoView.swift */; };
		175E352221FFD43800D0100C /* AppDelegate.swift in Sources */ = {isa = PBXBuildFile; fileRef = 175E352121FFD43800D0100C /* AppDelegate.swift */; };
		175E352421FFD43800D0100C /* PhotoViewController.swift in Sources */ = {isa = PBXBuildFile; fileRef = 175E352321FFD43800D0100C /* PhotoViewController.swift */; };
		175E352921FFD43900D0100C /* Assets.xcassets in Resources */ = {isa = PBXBuildFile; fileRef = 175E352821FFD43900D0100C /* Assets.xcassets */; };
		175E352C21FFD43900D0100C /* LaunchScreen.storyboard in Resources */ = {isa = PBXBuildFile; fileRef = 175E352A21FFD43900D0100C /* LaunchScreen.storyboard */; };
		175E353521FFDA2500D0100C /* Photo.swift in Sources */ = {isa = PBXBuildFile; fileRef = 175E353421FFDA2500D0100C /* Photo.swift */; };
		175E353721FFE15500D0100C /* UIView+ConstraintExtensions.swift in Sources */ = {isa = PBXBuildFile; fileRef = 175E353621FFE15500D0100C /* UIView+ConstraintExtensions.swift */; };
		17D3358322023D6600BECDA0 /* Unsplaher.swift in Sources */ = {isa = PBXBuildFile; fileRef = 17D3358222023D6600BECDA0 /* Unsplaher.swift */; };
/* End PBXBuildFile section */

/* Begin PBXFileReference section */
		171C98362200B7EB00C641C1 /* URLSession-Decoder.swift */ = {isa = PBXFileReference; lastKnownFileType = sourcecode.swift; path = "URLSession-Decoder.swift"; sourceTree = "<group>"; };
		171C98382200E00200C641C1 /* CardView.swift */ = {isa = PBXFileReference; lastKnownFileType = sourcecode.swift; path = CardView.swift; sourceTree = "<group>"; };
		171C983A2200E01500C641C1 /* CardViewController.swift */ = {isa = PBXFileReference; lastKnownFileType = sourcecode.swift; path = CardViewController.swift; sourceTree = "<group>"; };
		171C983D2201673400C641C1 /* PhotoInfoViewController.swift */ = {isa = PBXFileReference; lastKnownFileType = sourcecode.swift; path = PhotoInfoViewController.swift; sourceTree = "<group>"; };
		171C983F2201674400C641C1 /* PhotoInfoView.swift */ = {isa = PBXFileReference; lastKnownFileType = sourcecode.swift; path = PhotoInfoView.swift; sourceTree = "<group>"; };
		171C984222019EAE00C641C1 /* AccessKey.swift */ = {isa = PBXFileReference; lastKnownFileType = sourcecode.swift; path = AccessKey.swift; sourceTree = "<group>"; };
		1729B6D722000AD400F3FBFB /* PhotoView.swift */ = {isa = PBXFileReference; lastKnownFileType = sourcecode.swift; path = PhotoView.swift; sourceTree = "<group>"; };
		175E351E21FFD43800D0100C /* Ripple.app */ = {isa = PBXFileReference; explicitFileType = wrapper.application; includeInIndex = 0; path = Ripple.app; sourceTree = BUILT_PRODUCTS_DIR; };
		175E352121FFD43800D0100C /* AppDelegate.swift */ = {isa = PBXFileReference; lastKnownFileType = sourcecode.swift; path = AppDelegate.swift; sourceTree = "<group>"; };
		175E352321FFD43800D0100C /* PhotoViewController.swift */ = {isa = PBXFileReference; lastKnownFileType = sourcecode.swift; path = PhotoViewController.swift; sourceTree = "<group>"; };
		175E352821FFD43900D0100C /* Assets.xcassets */ = {isa = PBXFileReference; lastKnownFileType = folder.assetcatalog; path = Assets.xcassets; sourceTree = "<group>"; };
		175E352B21FFD43900D0100C /* Base */ = {isa = PBXFileReference; lastKnownFileType = file.storyboard; name = Base; path = Base.lproj/LaunchScreen.storyboard; sourceTree = "<group>"; };
		175E352D21FFD43900D0100C /* Info.plist */ = {isa = PBXFileReference; lastKnownFileType = text.plist.xml; path = Info.plist; sourceTree = "<group>"; };
		175E353421FFDA2500D0100C /* Photo.swift */ = {isa = PBXFileReference; lastKnownFileType = sourcecode.swift; path = Photo.swift; sourceTree = "<group>"; };
		175E353621FFE15500D0100C /* UIView+ConstraintExtensions.swift */ = {isa = PBXFileReference; fileEncoding = 4; lastKnownFileType = sourcecode.swift; path = "UIView+ConstraintExtensions.swift"; sourceTree = "<group>"; };
		17D3358222023D6600BECDA0 /* Unsplaher.swift */ = {isa = PBXFileReference; lastKnownFileType = sourcecode.swift; path = Unsplaher.swift; sourceTree = "<group>"; };
/* End PBXFileReference section */

/* Begin PBXFrameworksBuildPhase section */
		175E351B21FFD43800D0100C /* Frameworks */ = {
			isa = PBXFrameworksBuildPhase;
			buildActionMask = 2147483647;
			files = (
			);
			runOnlyForDeploymentPostprocessing = 0;
		};
/* End PBXFrameworksBuildPhase section */

/* Begin PBXGroup section */
		171C983C2200E01900C641C1 /* Card */ = {
			isa = PBXGroup;
			children = (
				171C98382200E00200C641C1 /* CardView.swift */,
				171C983A2200E01500C641C1 /* CardViewController.swift */,
			);
			path = Card;
			sourceTree = "<group>";
		};
		171C9841220167EF00C641C1 /* Photo Info */ = {
			isa = PBXGroup;
			children = (
				171C983D2201673400C641C1 /* PhotoInfoViewController.swift */,
				171C983F2201674400C641C1 /* PhotoInfoView.swift */,
			);
			path = "Photo Info";
			sourceTree = "<group>";
		};
		175E351521FFD43800D0100C = {
			isa = PBXGroup;
			children = (
				175E352021FFD43800D0100C /* Ripple */,
				175E351F21FFD43800D0100C /* Products */,
			);
			sourceTree = "<group>";
		};
		175E351F21FFD43800D0100C /* Products */ = {
			isa = PBXGroup;
			children = (
				175E351E21FFD43800D0100C /* Ripple.app */,
			);
			name = Products;
			sourceTree = "<group>";
		};
		175E352021FFD43800D0100C /* Ripple */ = {
			isa = PBXGroup;
			children = (
				175E353321FFD45D00D0100C /* Supporting Files */,
				171C983C2200E01900C641C1 /* Card */,
				175E352321FFD43800D0100C /* PhotoViewController.swift */,
				1729B6D722000AD400F3FBFB /* PhotoView.swift */,
				175E353421FFDA2500D0100C /* Photo.swift */,
				17D3358222023D6600BECDA0 /* Unsplaher.swift */,
				171C9841220167EF00C641C1 /* Photo Info */,
				171C984222019EAE00C641C1 /* AccessKey.swift */,
				175E352821FFD43900D0100C /* Assets.xcassets */,
				175E352D21FFD43900D0100C /* Info.plist */,
			);
			path = Ripple;
			sourceTree = "<group>";
		};
		175E353321FFD45D00D0100C /* Supporting Files */ = {
			isa = PBXGroup;
			children = (
				171C98362200B7EB00C641C1 /* URLSession-Decoder.swift */,
				175E353621FFE15500D0100C /* UIView+ConstraintExtensions.swift */,
				175E352121FFD43800D0100C /* AppDelegate.swift */,
				175E352A21FFD43900D0100C /* LaunchScreen.storyboard */,
			);
			path = "Supporting Files";
			sourceTree = "<group>";
		};
/* End PBXGroup section */

/* Begin PBXNativeTarget section */
		175E351D21FFD43800D0100C /* Ripple */ = {
			isa = PBXNativeTarget;
			buildConfigurationList = 175E353021FFD43900D0100C /* Build configuration list for PBXNativeTarget "Ripple" */;
			buildPhases = (
				175E351A21FFD43800D0100C /* Sources */,
				175E351B21FFD43800D0100C /* Frameworks */,
				175E351C21FFD43800D0100C /* Resources */,
			);
			buildRules = (
			);
			dependencies = (
			);
			name = Ripple;
			productName = Ripple;
			productReference = 175E351E21FFD43800D0100C /* Ripple.app */;
			productType = "com.apple.product-type.application";
		};
/* End PBXNativeTarget section */

/* Begin PBXProject section */
		175E351621FFD43800D0100C /* Project object */ = {
			isa = PBXProject;
			attributes = {
				LastSwiftUpdateCheck = 1010;
				LastUpgradeCheck = 1010;
				ORGANIZATIONNAME = "Jordan Dumlao";
				TargetAttributes = {
					175E351D21FFD43800D0100C = {
						CreatedOnToolsVersion = 10.1;
					};
				};
			};
			buildConfigurationList = 175E351921FFD43800D0100C /* Build configuration list for PBXProject "Ripple" */;
			compatibilityVersion = "Xcode 9.3";
			developmentRegion = en;
			hasScannedForEncodings = 0;
			knownRegions = (
				en,
				Base,
			);
			mainGroup = 175E351521FFD43800D0100C;
			productRefGroup = 175E351F21FFD43800D0100C /* Products */;
			projectDirPath = "";
			projectRoot = "";
			targets = (
				175E351D21FFD43800D0100C /* Ripple */,
			);
		};
/* End PBXProject section */

/* Begin PBXResourcesBuildPhase section */
		175E351C21FFD43800D0100C /* Resources */ = {
			isa = PBXResourcesBuildPhase;
			buildActionMask = 2147483647;
			files = (
				175E352C21FFD43900D0100C /* LaunchScreen.storyboard in Resources */,
				175E352921FFD43900D0100C /* Assets.xcassets in Resources */,
			);
			runOnlyForDeploymentPostprocessing = 0;
		};
/* End PBXResourcesBuildPhase section */

/* Begin PBXSourcesBuildPhase section */
		175E351A21FFD43800D0100C /* Sources */ = {
			isa = PBXSourcesBuildPhase;
			buildActionMask = 2147483647;
			files = (
				171C98392200E00200C641C1 /* CardView.swift in Sources */,
				175E353521FFDA2500D0100C /* Photo.swift in Sources */,
				175E352421FFD43800D0100C /* PhotoViewController.swift in Sources */,
				175E352221FFD43800D0100C /* AppDelegate.swift in Sources */,
				17D3358322023D6600BECDA0 /* Unsplaher.swift in Sources */,
				171C983B2200E01500C641C1 /* CardViewController.swift in Sources */,
				171C98402201674400C641C1 /* PhotoInfoView.swift in Sources */,
				1729B6D822000AD400F3FBFB /* PhotoView.swift in Sources */,
				175E353721FFE15500D0100C /* UIView+ConstraintExtensions.swift in Sources */,
				171C98372200B7EB00C641C1 /* URLSession-Decoder.swift in Sources */,
				171C983E2201673400C641C1 /* PhotoInfoViewController.swift in Sources */,
				171C984322019EAE00C641C1 /* AccessKey.swift in Sources */,
			);
			runOnlyForDeploymentPostprocessing = 0;
		};
/* End PBXSourcesBuildPhase section */

/* Begin PBXVariantGroup section */
		175E352A21FFD43900D0100C /* LaunchScreen.storyboard */ = {
			isa = PBXVariantGroup;
			children = (
				175E352B21FFD43900D0100C /* Base */,
			);
			name = LaunchScreen.storyboard;
			sourceTree = "<group>";
		};
/* End PBXVariantGroup section */

/* Begin XCBuildConfiguration section */
		175E352E21FFD43900D0100C /* Debug */ = {
			isa = XCBuildConfiguration;
			buildSettings = {
				ALWAYS_SEARCH_USER_PATHS = NO;
				CLANG_ANALYZER_NONNULL = YES;
				CLANG_ANALYZER_NUMBER_OBJECT_CONVERSION = YES_AGGRESSIVE;
				CLANG_CXX_LANGUAGE_STANDARD = "gnu++14";
				CLANG_CXX_LIBRARY = "libc++";
				CLANG_ENABLE_MODULES = YES;
				CLANG_ENABLE_OBJC_ARC = YES;
				CLANG_ENABLE_OBJC_WEAK = YES;
				CLANG_WARN_BLOCK_CAPTURE_AUTORELEASING = YES;
				CLANG_WARN_BOOL_CONVERSION = YES;
				CLANG_WARN_COMMA = YES;
				CLANG_WARN_CONSTANT_CONVERSION = YES;
				CLANG_WARN_DEPRECATED_OBJC_IMPLEMENTATIONS = YES;
				CLANG_WARN_DIRECT_OBJC_ISA_USAGE = YES_ERROR;
				CLANG_WARN_DOCUMENTATION_COMMENTS = YES;
				CLANG_WARN_EMPTY_BODY = YES;
				CLANG_WARN_ENUM_CONVERSION = YES;
				CLANG_WARN_INFINITE_RECURSION = YES;
				CLANG_WARN_INT_CONVERSION = YES;
				CLANG_WARN_NON_LITERAL_NULL_CONVERSION = YES;
				CLANG_WARN_OBJC_IMPLICIT_RETAIN_SELF = YES;
				CLANG_WARN_OBJC_LITERAL_CONVERSION = YES;
				CLANG_WARN_OBJC_ROOT_CLASS = YES_ERROR;
				CLANG_WARN_RANGE_LOOP_ANALYSIS = YES;
				CLANG_WARN_STRICT_PROTOTYPES = YES;
				CLANG_WARN_SUSPICIOUS_MOVE = YES;
				CLANG_WARN_UNGUARDED_AVAILABILITY = YES_AGGRESSIVE;
				CLANG_WARN_UNREACHABLE_CODE = YES;
				CLANG_WARN__DUPLICATE_METHOD_MATCH = YES;
				CODE_SIGN_IDENTITY = "iPhone Developer";
				COPY_PHASE_STRIP = NO;
				DEBUG_INFORMATION_FORMAT = dwarf;
				ENABLE_STRICT_OBJC_MSGSEND = YES;
				ENABLE_TESTABILITY = YES;
				GCC_C_LANGUAGE_STANDARD = gnu11;
				GCC_DYNAMIC_NO_PIC = NO;
				GCC_NO_COMMON_BLOCKS = YES;
				GCC_OPTIMIZATION_LEVEL = 0;
				GCC_PREPROCESSOR_DEFINITIONS = (
					"DEBUG=1",
					"$(inherited)",
				);
				GCC_WARN_64_TO_32_BIT_CONVERSION = YES;
				GCC_WARN_ABOUT_RETURN_TYPE = YES_ERROR;
				GCC_WARN_UNDECLARED_SELECTOR = YES;
				GCC_WARN_UNINITIALIZED_AUTOS = YES_AGGRESSIVE;
				GCC_WARN_UNUSED_FUNCTION = YES;
				GCC_WARN_UNUSED_VARIABLE = YES;
				IPHONEOS_DEPLOYMENT_TARGET = 12.1;
				MTL_ENABLE_DEBUG_INFO = INCLUDE_SOURCE;
				MTL_FAST_MATH = YES;
				ONLY_ACTIVE_ARCH = YES;
				SDKROOT = iphoneos;
				SWIFT_ACTIVE_COMPILATION_CONDITIONS = DEBUG;
				SWIFT_OPTIMIZATION_LEVEL = "-Onone";
			};
			name = Debug;
		};
		175E352F21FFD43900D0100C /* Release */ = {
			isa = XCBuildConfiguration;
			buildSettings = {
				ALWAYS_SEARCH_USER_PATHS = NO;
				CLANG_ANALYZER_NONNULL = YES;
				CLANG_ANALYZER_NUMBER_OBJECT_CONVERSION = YES_AGGRESSIVE;
				CLANG_CXX_LANGUAGE_STANDARD = "gnu++14";
				CLANG_CXX_LIBRARY = "libc++";
				CLANG_ENABLE_MODULES = YES;
				CLANG_ENABLE_OBJC_ARC = YES;
				CLANG_ENABLE_OBJC_WEAK = YES;
				CLANG_WARN_BLOCK_CAPTURE_AUTORELEASING = YES;
				CLANG_WARN_BOOL_CONVERSION = YES;
				CLANG_WARN_COMMA = YES;
				CLANG_WARN_CONSTANT_CONVERSION = YES;
				CLANG_WARN_DEPRECATED_OBJC_IMPLEMENTATIONS = YES;
				CLANG_WARN_DIRECT_OBJC_ISA_USAGE = YES_ERROR;
				CLANG_WARN_DOCUMENTATION_COMMENTS = YES;
				CLANG_WARN_EMPTY_BODY = YES;
				CLANG_WARN_ENUM_CONVERSION = YES;
				CLANG_WARN_INFINITE_RECURSION = YES;
				CLANG_WARN_INT_CONVERSION = YES;
				CLANG_WARN_NON_LITERAL_NULL_CONVERSION = YES;
				CLANG_WARN_OBJC_IMPLICIT_RETAIN_SELF = YES;
				CLANG_WARN_OBJC_LITERAL_CONVERSION = YES;
				CLANG_WARN_OBJC_ROOT_CLASS = YES_ERROR;
				CLANG_WARN_RANGE_LOOP_ANALYSIS = YES;
				CLANG_WARN_STRICT_PROTOTYPES = YES;
				CLANG_WARN_SUSPICIOUS_MOVE = YES;
				CLANG_WARN_UNGUARDED_AVAILABILITY = YES_AGGRESSIVE;
				CLANG_WARN_UNREACHABLE_CODE = YES;
				CLANG_WARN__DUPLICATE_METHOD_MATCH = YES;
				CODE_SIGN_IDENTITY = "iPhone Developer";
				COPY_PHASE_STRIP = NO;
				DEBUG_INFORMATION_FORMAT = "dwarf-with-dsym";
				ENABLE_NS_ASSERTIONS = NO;
				ENABLE_STRICT_OBJC_MSGSEND = YES;
				GCC_C_LANGUAGE_STANDARD = gnu11;
				GCC_NO_COMMON_BLOCKS = YES;
				GCC_WARN_64_TO_32_BIT_CONVERSION = YES;
				GCC_WARN_ABOUT_RETURN_TYPE = YES_ERROR;
				GCC_WARN_UNDECLARED_SELECTOR = YES;
				GCC_WARN_UNINITIALIZED_AUTOS = YES_AGGRESSIVE;
				GCC_WARN_UNUSED_FUNCTION = YES;
				GCC_WARN_UNUSED_VARIABLE = YES;
				IPHONEOS_DEPLOYMENT_TARGET = 12.1;
				MTL_ENABLE_DEBUG_INFO = NO;
				MTL_FAST_MATH = YES;
				SDKROOT = iphoneos;
				SWIFT_COMPILATION_MODE = wholemodule;
				SWIFT_OPTIMIZATION_LEVEL = "-O";
				VALIDATE_PRODUCT = YES;
			};
			name = Release;
		};
		175E353121FFD43900D0100C /* Debug */ = {
			isa = XCBuildConfiguration;
			buildSettings = {
				ASSETCATALOG_COMPILER_APPICON_NAME = AppIcon;
				CODE_SIGN_STYLE = Automatic;
				DEVELOPMENT_TEAM = 7DDY4G5VW4;
				INFOPLIST_FILE = Ripple/Info.plist;
				LD_RUNPATH_SEARCH_PATHS = (
					"$(inherited)",
					"@executable_path/Frameworks",
				);
				PRODUCT_BUNDLE_IDENTIFIER = com.example.Ripple;
				PRODUCT_NAME = "$(TARGET_NAME)";
				SWIFT_VERSION = 4.2;
				TARGETED_DEVICE_FAMILY = "1,2";
			};
			name = Debug;
		};
		175E353221FFD43900D0100C /* Release */ = {
			isa = XCBuildConfiguration;
			buildSettings = {
				ASSETCATALOG_COMPILER_APPICON_NAME = AppIcon;
				CODE_SIGN_STYLE = Automatic;
				DEVELOPMENT_TEAM = 7DDY4G5VW4;
				INFOPLIST_FILE = Ripple/Info.plist;
				LD_RUNPATH_SEARCH_PATHS = (
					"$(inherited)",
					"@executable_path/Frameworks",
				);
				PRODUCT_BUNDLE_IDENTIFIER = com.example.Ripple;
				PRODUCT_NAME = "$(TARGET_NAME)";
				SWIFT_VERSION = 4.2;
				TARGETED_DEVICE_FAMILY = "1,2";
			};
			name = Release;
		};
/* End XCBuildConfiguration section */

/* Begin XCConfigurationList section */
		175E351921FFD43800D0100C /* Build configuration list for PBXProject "Ripple" */ = {
			isa = XCConfigurationList;
			buildConfigurations = (
				175E352E21FFD43900D0100C /* Debug */,
				175E352F21FFD43900D0100C /* Release */,
			);
			defaultConfigurationIsVisible = 0;
			defaultConfigurationName = Release;
		};
		175E353021FFD43900D0100C /* Build configuration list for PBXNativeTarget "Ripple" */ = {
			isa = XCConfigurationList;
			buildConfigurations = (
				175E353121FFD43900D0100C /* Debug */,
				175E353221FFD43900D0100C /* Release */,
			);
			defaultConfigurationIsVisible = 0;
			defaultConfigurationName = Release;
		};
/* End XCConfigurationList section */
	};
	rootObject = 175E351621FFD43800D0100C /* Project object */;
}
